// !$*UTF8*$!
{
	archiveVersion = 1;
	classes = {
	};
	objectVersion = 55;
	objects = {

/* Begin PBXBuildFile section */
		C28F028C27F43C470087BF65 /* AppDelegate.swift in Sources */ = {isa = PBXBuildFile; fileRef = C28F028B27F43C470087BF65 /* AppDelegate.swift */; };
		C28F028E27F43C470087BF65 /* SceneDelegate.swift in Sources */ = {isa = PBXBuildFile; fileRef = C28F028D27F43C470087BF65 /* SceneDelegate.swift */; };
		C28F029327F43C470087BF65 /* Main.storyboard in Resources */ = {isa = PBXBuildFile; fileRef = C28F029127F43C470087BF65 /* Main.storyboard */; };
		C28F029527F43C490087BF65 /* Assets.xcassets in Resources */ = {isa = PBXBuildFile; fileRef = C28F029427F43C490087BF65 /* Assets.xcassets */; };
		C28F029827F43C490087BF65 /* LaunchScreen.storyboard in Resources */ = {isa = PBXBuildFile; fileRef = C28F029627F43C490087BF65 /* LaunchScreen.storyboard */; };
		C28F02A527F43E2C0087BF65 /* GameViewController.swift in Sources */ = {isa = PBXBuildFile; fileRef = C28F02A427F43E2C0087BF65 /* GameViewController.swift */; };
		C28F02A727F43E910087BF65 /* Referee.swift in Sources */ = {isa = PBXBuildFile; fileRef = C28F02A627F43E910087BF65 /* Referee.swift */; };
		C28F02A927F43EDD0087BF65 /* ButtonsDesign.swift in Sources */ = {isa = PBXBuildFile; fileRef = C28F02A827F43EDD0087BF65 /* ButtonsDesign.swift */; };
		C28F02AB27F43F240087BF65 /* GameState.swift in Sources */ = {isa = PBXBuildFile; fileRef = C28F02AA27F43F240087BF65 /* GameState.swift */; };
		C28F02AD27F43F440087BF65 /* GameEndState.swift in Sources */ = {isa = PBXBuildFile; fileRef = C28F02AC27F43F440087BF65 /* GameEndState.swift */; };
		C28F02AF27F43F580087BF65 /* FiveCellsState.swift in Sources */ = {isa = PBXBuildFile; fileRef = C28F02AE27F43F580087BF65 /* FiveCellsState.swift */; };
		C28F02B127F43FDD0087BF65 /* LogAction.swift in Sources */ = {isa = PBXBuildFile; fileRef = C28F02B027F43FDD0087BF65 /* LogAction.swift */; };
		C28F02B327F43FF60087BF65 /* LogCommand.swift in Sources */ = {isa = PBXBuildFile; fileRef = C28F02B227F43FF60087BF65 /* LogCommand.swift */; };
		C28F02B527F440020087BF65 /* Logger.swift in Sources */ = {isa = PBXBuildFile; fileRef = C28F02B427F440020087BF65 /* Logger.swift */; };
		C28F02B727F440170087BF65 /* LoggerInvoker.swift in Sources */ = {isa = PBXBuildFile; fileRef = C28F02B627F440170087BF65 /* LoggerInvoker.swift */; };
		C28F02B927F440950087BF65 /* GameboardPosition.swift in Sources */ = {isa = PBXBuildFile; fileRef = C28F02B827F440950087BF65 /* GameboardPosition.swift */; };
		C28F02BB27F440AB0087BF65 /* GameboardSize.swift in Sources */ = {isa = PBXBuildFile; fileRef = C28F02BA27F440AB0087BF65 /* GameboardSize.swift */; };
		C28F02BD27F440B90087BF65 /* Gameboard.swift in Sources */ = {isa = PBXBuildFile; fileRef = C28F02BC27F440B90087BF65 /* Gameboard.swift */; };
		C28F02BF27F440CE0087BF65 /* Player.swift in Sources */ = {isa = PBXBuildFile; fileRef = C28F02BE27F440CE0087BF65 /* Player.swift */; };
/* End PBXBuildFile section */

/* Begin PBXFileReference section */
		C28F028827F43C470087BF65 /* XO-Lesson4.app */ = {isa = PBXFileReference; explicitFileType = wrapper.application; includeInIndex = 0; path = "XO-Lesson4.app"; sourceTree = BUILT_PRODUCTS_DIR; };
		C28F028B27F43C470087BF65 /* AppDelegate.swift */ = {isa = PBXFileReference; lastKnownFileType = sourcecode.swift; path = AppDelegate.swift; sourceTree = "<group>"; };
		C28F028D27F43C470087BF65 /* SceneDelegate.swift */ = {isa = PBXFileReference; lastKnownFileType = sourcecode.swift; path = SceneDelegate.swift; sourceTree = "<group>"; };
		C28F029227F43C470087BF65 /* Base */ = {isa = PBXFileReference; lastKnownFileType = file.storyboard; name = Base; path = Base.lproj/Main.storyboard; sourceTree = "<group>"; };
		C28F029427F43C490087BF65 /* Assets.xcassets */ = {isa = PBXFileReference; lastKnownFileType = folder.assetcatalog; path = Assets.xcassets; sourceTree = "<group>"; };
		C28F029727F43C490087BF65 /* Base */ = {isa = PBXFileReference; lastKnownFileType = file.storyboard; name = Base; path = Base.lproj/LaunchScreen.storyboard; sourceTree = "<group>"; };
		C28F029927F43C490087BF65 /* Info.plist */ = {isa = PBXFileReference; lastKnownFileType = text.plist.xml; path = Info.plist; sourceTree = "<group>"; };
		C28F02A427F43E2C0087BF65 /* GameViewController.swift */ = {isa = PBXFileReference; lastKnownFileType = sourcecode.swift; path = GameViewController.swift; sourceTree = "<group>"; };
		C28F02A627F43E910087BF65 /* Referee.swift */ = {isa = PBXFileReference; lastKnownFileType = sourcecode.swift; path = Referee.swift; sourceTree = "<group>"; };
		C28F02A827F43EDD0087BF65 /* ButtonsDesign.swift */ = {isa = PBXFileReference; lastKnownFileType = sourcecode.swift; path = ButtonsDesign.swift; sourceTree = "<group>"; };
		C28F02AA27F43F240087BF65 /* GameState.swift */ = {isa = PBXFileReference; lastKnownFileType = sourcecode.swift; path = GameState.swift; sourceTree = "<group>"; };
		C28F02AC27F43F440087BF65 /* GameEndState.swift */ = {isa = PBXFileReference; lastKnownFileType = sourcecode.swift; path = GameEndState.swift; sourceTree = "<group>"; };
		C28F02AE27F43F580087BF65 /* FiveCellsState.swift */ = {isa = PBXFileReference; lastKnownFileType = sourcecode.swift; path = FiveCellsState.swift; sourceTree = "<group>"; };
		C28F02B027F43FDD0087BF65 /* LogAction.swift */ = {isa = PBXFileReference; lastKnownFileType = sourcecode.swift; path = LogAction.swift; sourceTree = "<group>"; };
		C28F02B227F43FF60087BF65 /* LogCommand.swift */ = {isa = PBXFileReference; lastKnownFileType = sourcecode.swift; path = LogCommand.swift; sourceTree = "<group>"; };
		C28F02B427F440020087BF65 /* Logger.swift */ = {isa = PBXFileReference; lastKnownFileType = sourcecode.swift; path = Logger.swift; sourceTree = "<group>"; };
		C28F02B627F440170087BF65 /* LoggerInvoker.swift */ = {isa = PBXFileReference; lastKnownFileType = sourcecode.swift; path = LoggerInvoker.swift; sourceTree = "<group>"; };
		C28F02B827F440950087BF65 /* GameboardPosition.swift */ = {isa = PBXFileReference; lastKnownFileType = sourcecode.swift; path = GameboardPosition.swift; sourceTree = "<group>"; };
		C28F02BA27F440AB0087BF65 /* GameboardSize.swift */ = {isa = PBXFileReference; lastKnownFileType = sourcecode.swift; path = GameboardSize.swift; sourceTree = "<group>"; };
		C28F02BC27F440B90087BF65 /* Gameboard.swift */ = {isa = PBXFileReference; lastKnownFileType = sourcecode.swift; path = Gameboard.swift; sourceTree = "<group>"; };
		C28F02BE27F440CE0087BF65 /* Player.swift */ = {isa = PBXFileReference; lastKnownFileType = sourcecode.swift; path = Player.swift; sourceTree = "<group>"; };
/* End PBXFileReference section */

/* Begin PBXFrameworksBuildPhase section */
		C28F028527F43C470087BF65 /* Frameworks */ = {
			isa = PBXFrameworksBuildPhase;
			buildActionMask = 2147483647;
			files = (
			);
			runOnlyForDeploymentPostprocessing = 0;
		};
/* End PBXFrameworksBuildPhase section */

/* Begin PBXGroup section */
		C28F027F27F43C470087BF65 = {
			isa = PBXGroup;
			children = (
				C28F028A27F43C470087BF65 /* XO-Lesson4 */,
				C28F028927F43C470087BF65 /* Products */,
			);
			sourceTree = "<group>";
		};
		C28F028927F43C470087BF65 /* Products */ = {
			isa = PBXGroup;
			children = (
				C28F028827F43C470087BF65 /* XO-Lesson4.app */,
			);
			name = Products;
			sourceTree = "<group>";
		};
		C28F028A27F43C470087BF65 /* XO-Lesson4 */ = {
			isa = PBXGroup;
			children = (
				C28F028B27F43C470087BF65 /* AppDelegate.swift */,
				C28F028D27F43C470087BF65 /* SceneDelegate.swift */,
				C28F02A427F43E2C0087BF65 /* GameViewController.swift */,
				C28F02A627F43E910087BF65 /* Referee.swift */,
				C28F02A827F43EDD0087BF65 /* ButtonsDesign.swift */,
				C28F029F27F43CA30087BF65 /* StatePattern */,
				C28F02A027F43CBB0087BF65 /* CommandPattern */,
				C28F02A127F43CD10087BF65 /* Models */,
				C28F02A227F43CDB0087BF65 /* Views */,
				C28F029127F43C470087BF65 /* Main.storyboard */,
				C28F029427F43C490087BF65 /* Assets.xcassets */,
				C28F029627F43C490087BF65 /* LaunchScreen.storyboard */,
				C28F029927F43C490087BF65 /* Info.plist */,
			);
			path = "XO-Lesson4";
			sourceTree = "<group>";
		};
		C28F029F27F43CA30087BF65 /* StatePattern */ = {
			isa = PBXGroup;
			children = (
				C28F02AA27F43F240087BF65 /* GameState.swift */,
				C28F02AC27F43F440087BF65 /* GameEndState.swift */,
				C28F02AE27F43F580087BF65 /* FiveCellsState.swift */,
			);
			path = StatePattern;
			sourceTree = "<group>";
		};
		C28F02A027F43CBB0087BF65 /* CommandPattern */ = {
			isa = PBXGroup;
			children = (
				C28F02B027F43FDD0087BF65 /* LogAction.swift */,
				C28F02B227F43FF60087BF65 /* LogCommand.swift */,
				C28F02B427F440020087BF65 /* Logger.swift */,
				C28F02B627F440170087BF65 /* LoggerInvoker.swift */,
			);
			path = CommandPattern;
			sourceTree = "<group>";
		};
		C28F02A127F43CD10087BF65 /* Models */ = {
			isa = PBXGroup;
			children = (
				C28F02B827F440950087BF65 /* GameboardPosition.swift */,
				C28F02BA27F440AB0087BF65 /* GameboardSize.swift */,
				C28F02BC27F440B90087BF65 /* Gameboard.swift */,
				C28F02BE27F440CE0087BF65 /* Player.swift */,
			);
			path = Models;
			sourceTree = "<group>";
		};
		C28F02A227F43CDB0087BF65 /* Views */ = {
			isa = PBXGroup;
			children = (
				C28F02A327F43D190087BF65 /* MarkView */,
			);
			path = Views;
			sourceTree = "<group>";
		};
		C28F02A327F43D190087BF65 /* MarkView */ = {
			isa = PBXGroup;
			children = (
			);
			path = MarkView;
			sourceTree = "<group>";
		};
/* End PBXGroup section */

/* Begin PBXNativeTarget section */
		C28F028727F43C470087BF65 /* XO-Lesson4 */ = {
			isa = PBXNativeTarget;
			buildConfigurationList = C28F029C27F43C490087BF65 /* Build configuration list for PBXNativeTarget "XO-Lesson4" */;
			buildPhases = (
				C28F028427F43C470087BF65 /* Sources */,
				C28F028527F43C470087BF65 /* Frameworks */,
				C28F028627F43C470087BF65 /* Resources */,
			);
			buildRules = (
			);
			dependencies = (
			);
			name = "XO-Lesson4";
			productName = "XO-Lesson4";
			productReference = C28F028827F43C470087BF65 /* XO-Lesson4.app */;
			productType = "com.apple.product-type.application";
		};
/* End PBXNativeTarget section */

/* Begin PBXProject section */
		C28F028027F43C470087BF65 /* Project object */ = {
			isa = PBXProject;
			attributes = {
				BuildIndependentTargetsInParallel = 1;
				LastSwiftUpdateCheck = 1330;
				LastUpgradeCheck = 1330;
				TargetAttributes = {
					C28F028727F43C470087BF65 = {
						CreatedOnToolsVersion = 13.3;
					};
				};
			};
			buildConfigurationList = C28F028327F43C470087BF65 /* Build configuration list for PBXProject "XO-Lesson4" */;
			compatibilityVersion = "Xcode 13.0";
			developmentRegion = en;
			hasScannedForEncodings = 0;
			knownRegions = (
				en,
				Base,
			);
			mainGroup = C28F027F27F43C470087BF65;
			productRefGroup = C28F028927F43C470087BF65 /* Products */;
			projectDirPath = "";
			projectRoot = "";
			targets = (
				C28F028727F43C470087BF65 /* XO-Lesson4 */,
			);
		};
/* End PBXProject section */

/* Begin PBXResourcesBuildPhase section */
		C28F028627F43C470087BF65 /* Resources */ = {
			isa = PBXResourcesBuildPhase;
			buildActionMask = 2147483647;
			files = (
				C28F029827F43C490087BF65 /* LaunchScreen.storyboard in Resources */,
				C28F029527F43C490087BF65 /* Assets.xcassets in Resources */,
				C28F029327F43C470087BF65 /* Main.storyboard in Resources */,
			);
			runOnlyForDeploymentPostprocessing = 0;
		};
/* End PBXResourcesBuildPhase section */

/* Begin PBXSourcesBuildPhase section */
		C28F028427F43C470087BF65 /* Sources */ = {
			isa = PBXSourcesBuildPhase;
			buildActionMask = 2147483647;
			files = (
				C28F02B727F440170087BF65 /* LoggerInvoker.swift in Sources */,
				C28F028C27F43C470087BF65 /* AppDelegate.swift in Sources */,
				C28F02BD27F440B90087BF65 /* Gameboard.swift in Sources */,
				C28F02B927F440950087BF65 /* GameboardPosition.swift in Sources */,
				C28F02BF27F440CE0087BF65 /* Player.swift in Sources */,
				C28F02B527F440020087BF65 /* Logger.swift in Sources */,
				C28F02A527F43E2C0087BF65 /* GameViewController.swift in Sources */,
				C28F02A727F43E910087BF65 /* Referee.swift in Sources */,
				C28F02B127F43FDD0087BF65 /* LogAction.swift in Sources */,
				C28F02B327F43FF60087BF65 /* LogCommand.swift in Sources */,
				C28F02AB27F43F240087BF65 /* GameState.swift in Sources */,
				C28F02A927F43EDD0087BF65 /* ButtonsDesign.swift in Sources */,
				C28F02AF27F43F580087BF65 /* FiveCellsState.swift in Sources */,
				C28F02AD27F43F440087BF65 /* GameEndState.swift in Sources */,
				C28F028E27F43C470087BF65 /* SceneDelegate.swift in Sources */,
				C28F02BB27F440AB0087BF65 /* GameboardSize.swift in Sources */,
			);
			runOnlyForDeploymentPostprocessing = 0;
		};
/* End PBXSourcesBuildPhase section */

/* Begin PBXVariantGroup section */
		C28F029127F43C470087BF65 /* Main.storyboard */ = {
			isa = PBXVariantGroup;
			children = (
				C28F029227F43C470087BF65 /* Base */,
			);
			name = Main.storyboard;
			sourceTree = "<group>";
		};
		C28F029627F43C490087BF65 /* LaunchScreen.storyboard */ = {
			isa = PBXVariantGroup;
			children = (
				C28F029727F43C490087BF65 /* Base */,
			);
			name = LaunchScreen.storyboard;
			sourceTree = "<group>";
		};
/* End PBXVariantGroup section */

/* Begin XCBuildConfiguration section */
		C28F029A27F43C490087BF65 /* Debug */ = {
			isa = XCBuildConfiguration;
			buildSettings = {
				ALWAYS_SEARCH_USER_PATHS = NO;
				CLANG_ANALYZER_NONNULL = YES;
				CLANG_ANALYZER_NUMBER_OBJECT_CONVERSION = YES_AGGRESSIVE;
				CLANG_CXX_LANGUAGE_STANDARD = "gnu++17";
				CLANG_ENABLE_MODULES = YES;
				CLANG_ENABLE_OBJC_ARC = YES;
				CLANG_ENABLE_OBJC_WEAK = YES;
				CLANG_WARN_BLOCK_CAPTURE_AUTORELEASING = YES;
				CLANG_WARN_BOOL_CONVERSION = YES;
				CLANG_WARN_COMMA = YES;
				CLANG_WARN_CONSTANT_CONVERSION = YES;
				CLANG_WARN_DEPRECATED_OBJC_IMPLEMENTATIONS = YES;
				CLANG_WARN_DIRECT_OBJC_ISA_USAGE = YES_ERROR;
				CLANG_WARN_DOCUMENTATION_COMMENTS = YES;
				CLANG_WARN_EMPTY_BODY = YES;
				CLANG_WARN_ENUM_CONVERSION = YES;
				CLANG_WARN_INFINITE_RECURSION = YES;
				CLANG_WARN_INT_CONVERSION = YES;
				CLANG_WARN_NON_LITERAL_NULL_CONVERSION = YES;
				CLANG_WARN_OBJC_IMPLICIT_RETAIN_SELF = YES;
				CLANG_WARN_OBJC_LITERAL_CONVERSION = YES;
				CLANG_WARN_OBJC_ROOT_CLASS = YES_ERROR;
				CLANG_WARN_QUOTED_INCLUDE_IN_FRAMEWORK_HEADER = YES;
				CLANG_WARN_RANGE_LOOP_ANALYSIS = YES;
				CLANG_WARN_STRICT_PROTOTYPES = YES;
				CLANG_WARN_SUSPICIOUS_MOVE = YES;
				CLANG_WARN_UNGUARDED_AVAILABILITY = YES_AGGRESSIVE;
				CLANG_WARN_UNREACHABLE_CODE = YES;
				CLANG_WARN__DUPLICATE_METHOD_MATCH = YES;
				COPY_PHASE_STRIP = NO;
				DEBUG_INFORMATION_FORMAT = dwarf;
				ENABLE_STRICT_OBJC_MSGSEND = YES;
				ENABLE_TESTABILITY = YES;
				GCC_C_LANGUAGE_STANDARD = gnu11;
				GCC_DYNAMIC_NO_PIC = NO;
				GCC_NO_COMMON_BLOCKS = YES;
				GCC_OPTIMIZATION_LEVEL = 0;
				GCC_PREPROCESSOR_DEFINITIONS = (
					"DEBUG=1",
					"$(inherited)",
				);
				GCC_WARN_64_TO_32_BIT_CONVERSION = YES;
				GCC_WARN_ABOUT_RETURN_TYPE = YES_ERROR;
				GCC_WARN_UNDECLARED_SELECTOR = YES;
				GCC_WARN_UNINITIALIZED_AUTOS = YES_AGGRESSIVE;
				GCC_WARN_UNUSED_FUNCTION = YES;
				GCC_WARN_UNUSED_VARIABLE = YES;
				IPHONEOS_DEPLOYMENT_TARGET = 15.4;
				MTL_ENABLE_DEBUG_INFO = INCLUDE_SOURCE;
				MTL_FAST_MATH = YES;
				ONLY_ACTIVE_ARCH = YES;
				SDKROOT = iphoneos;
				SWIFT_ACTIVE_COMPILATION_CONDITIONS = DEBUG;
				SWIFT_OPTIMIZATION_LEVEL = "-Onone";
			};
			name = Debug;
		};
		C28F029B27F43C490087BF65 /* Release */ = {
			isa = XCBuildConfiguration;
			buildSettings = {
				ALWAYS_SEARCH_USER_PATHS = NO;
				CLANG_ANALYZER_NONNULL = YES;
				CLANG_ANALYZER_NUMBER_OBJECT_CONVERSION = YES_AGGRESSIVE;
				CLANG_CXX_LANGUAGE_STANDARD = "gnu++17";
				CLANG_ENABLE_MODULES = YES;
				CLANG_ENABLE_OBJC_ARC = YES;
				CLANG_ENABLE_OBJC_WEAK = YES;
				CLANG_WARN_BLOCK_CAPTURE_AUTORELEASING = YES;
				CLANG_WARN_BOOL_CONVERSION = YES;
				CLANG_WARN_COMMA = YES;
				CLANG_WARN_CONSTANT_CONVERSION = YES;
				CLANG_WARN_DEPRECATED_OBJC_IMPLEMENTATIONS = YES;
				CLANG_WARN_DIRECT_OBJC_ISA_USAGE = YES_ERROR;
				CLANG_WARN_DOCUMENTATION_COMMENTS = YES;
				CLANG_WARN_EMPTY_BODY = YES;
				CLANG_WARN_ENUM_CONVERSION = YES;
				CLANG_WARN_INFINITE_RECURSION = YES;
				CLANG_WARN_INT_CONVERSION = YES;
				CLANG_WARN_NON_LITERAL_NULL_CONVERSION = YES;
				CLANG_WARN_OBJC_IMPLICIT_RETAIN_SELF = YES;
				CLANG_WARN_OBJC_LITERAL_CONVERSION = YES;
				CLANG_WARN_OBJC_ROOT_CLASS = YES_ERROR;
				CLANG_WARN_QUOTED_INCLUDE_IN_FRAMEWORK_HEADER = YES;
				CLANG_WARN_RANGE_LOOP_ANALYSIS = YES;
				CLANG_WARN_STRICT_PROTOTYPES = YES;
				CLANG_WARN_SUSPICIOUS_MOVE = YES;
				CLANG_WARN_UNGUARDED_AVAILABILITY = YES_AGGRESSIVE;
				CLANG_WARN_UNREACHABLE_CODE = YES;
				CLANG_WARN__DUPLICATE_METHOD_MATCH = YES;
				COPY_PHASE_STRIP = NO;
				DEBUG_INFORMATION_FORMAT = "dwarf-with-dsym";
				ENABLE_NS_ASSERTIONS = NO;
				ENABLE_STRICT_OBJC_MSGSEND = YES;
				GCC_C_LANGUAGE_STANDARD = gnu11;
				GCC_NO_COMMON_BLOCKS = YES;
				GCC_WARN_64_TO_32_BIT_CONVERSION = YES;
				GCC_WARN_ABOUT_RETURN_TYPE = YES_ERROR;
				GCC_WARN_UNDECLARED_SELECTOR = YES;
				GCC_WARN_UNINITIALIZED_AUTOS = YES_AGGRESSIVE;
				GCC_WARN_UNUSED_FUNCTION = YES;
				GCC_WARN_UNUSED_VARIABLE = YES;
				IPHONEOS_DEPLOYMENT_TARGET = 15.4;
				MTL_ENABLE_DEBUG_INFO = NO;
				MTL_FAST_MATH = YES;
				SDKROOT = iphoneos;
				SWIFT_COMPILATION_MODE = wholemodule;
				SWIFT_OPTIMIZATION_LEVEL = "-O";
				VALIDATE_PRODUCT = YES;
			};
			name = Release;
		};
		C28F029D27F43C490087BF65 /* Debug */ = {
			isa = XCBuildConfiguration;
			buildSettings = {
				ASSETCATALOG_COMPILER_APPICON_NAME = AppIcon;
				ASSETCATALOG_COMPILER_GLOBAL_ACCENT_COLOR_NAME = AccentColor;
				CODE_SIGN_STYLE = Automatic;
				CURRENT_PROJECT_VERSION = 1;
				DEVELOPMENT_TEAM = C3M56A453W;
				GENERATE_INFOPLIST_FILE = YES;
				INFOPLIST_FILE = "XO-Lesson4/Info.plist";
				INFOPLIST_KEY_UIApplicationSupportsIndirectInputEvents = YES;
				INFOPLIST_KEY_UILaunchStoryboardName = LaunchScreen;
				INFOPLIST_KEY_UIMainStoryboardFile = Main;
				INFOPLIST_KEY_UISupportedInterfaceOrientations_iPad = "UIInterfaceOrientationPortrait UIInterfaceOrientationPortraitUpsideDown UIInterfaceOrientationLandscapeLeft UIInterfaceOrientationLandscapeRight";
				INFOPLIST_KEY_UISupportedInterfaceOrientations_iPhone = "UIInterfaceOrientationPortrait UIInterfaceOrientationLandscapeLeft UIInterfaceOrientationLandscapeRight";
				IPHONEOS_DEPLOYMENT_TARGET = 15.0;
				LD_RUNPATH_SEARCH_PATHS = (
					"$(inherited)",
					"@executable_path/Frameworks",
				);
				MARKETING_VERSION = 1.0;
				PRODUCT_BUNDLE_IDENTIFIER = "online.swampios.XO-Lesson4";
				PRODUCT_NAME = "$(TARGET_NAME)";
				SWIFT_EMIT_LOC_STRINGS = YES;
				SWIFT_VERSION = 5.0;
				TARGETED_DEVICE_FAMILY = 1;
			};
			name = Debug;
		};
		C28F029E27F43C490087BF65 /* Release */ = {
			isa = XCBuildConfiguration;
			buildSettings = {
				ASSETCATALOG_COMPILER_APPICON_NAME = AppIcon;
				ASSETCATALOG_COMPILER_GLOBAL_ACCENT_COLOR_NAME = AccentColor;
				CODE_SIGN_STYLE = Automatic;
				CURRENT_PROJECT_VERSION = 1;
				DEVELOPMENT_TEAM = C3M56A453W;
				GENERATE_INFOPLIST_FILE = YES;
				INFOPLIST_FILE = "XO-Lesson4/Info.plist";
				INFOPLIST_KEY_UIApplicationSupportsIndirectInputEvents = YES;
				INFOPLIST_KEY_UILaunchStoryboardName = LaunchScreen;
				INFOPLIST_KEY_UIMainStoryboardFile = Main;
				INFOPLIST_KEY_UISupportedInterfaceOrientations_iPad = "UIInterfaceOrientationPortrait UIInterfaceOrientationPortraitUpsideDown UIInterfaceOrientationLandscapeLeft UIInterfaceOrientationLandscapeRight";
				INFOPLIST_KEY_UISupportedInterfaceOrientations_iPhone = "UIInterfaceOrientationPortrait UIInterfaceOrientationLandscapeLeft UIInterfaceOrientationLandscapeRight";
				IPHONEOS_DEPLOYMENT_TARGET = 15.0;
				LD_RUNPATH_SEARCH_PATHS = (
					"$(inherited)",
					"@executable_path/Frameworks",
				);
				MARKETING_VERSION = 1.0;
				PRODUCT_BUNDLE_IDENTIFIER = "online.swampios.XO-Lesson4";
				PRODUCT_NAME = "$(TARGET_NAME)";
				SWIFT_EMIT_LOC_STRINGS = YES;
				SWIFT_VERSION = 5.0;
				TARGETED_DEVICE_FAMILY = 1;
			};
			name = Release;
		};
/* End XCBuildConfiguration section */

/* Begin XCConfigurationList section */
		C28F028327F43C470087BF65 /* Build configuration list for PBXProject "XO-Lesson4" */ = {
			isa = XCConfigurationList;
			buildConfigurations = (
				C28F029A27F43C490087BF65 /* Debug */,
				C28F029B27F43C490087BF65 /* Release */,
			);
			defaultConfigurationIsVisible = 0;
			defaultConfigurationName = Release;
		};
		C28F029C27F43C490087BF65 /* Build configuration list for PBXNativeTarget "XO-Lesson4" */ = {
			isa = XCConfigurationList;
			buildConfigurations = (
				C28F029D27F43C490087BF65 /* Debug */,
				C28F029E27F43C490087BF65 /* Release */,
			);
			defaultConfigurationIsVisible = 0;
			defaultConfigurationName = Release;
		};
/* End XCConfigurationList section */
	};
	rootObject = C28F028027F43C470087BF65 /* Project object */;
}
